<?xml version="1.0" encoding="UTF-8" standalone="yes" ?>
<CodeBlocks_project_file>
	<FileVersion major="1" minor="6" />
	<Project>
		<Option title="SDL2_Client" />
		<Option pch_mode="2" />
		<Option compiler="gcc" />
		<Build>
			<Target title="Debug">
				<Option output="bin/Debug/SDL2_Client" prefix_auto="1" extension_auto="1" />
				<Option object_output="obj/Debug/" />
				<Option type="1" />
				<Option compiler="gcc" />
				<Compiler>
					<Add option="-g" />
				</Compiler>
			</Target>
			<Target title="Release">
				<Option output="bin/Release/SDL2_Client" prefix_auto="1" extension_auto="1" />
				<Option object_output="obj/Release/" />
				<Option type="1" />
				<Option compiler="gcc" />
				<Compiler>
					<Add option="-O2" />
				</Compiler>
				<Linker>
					<Add option="-s" />
				</Linker>
			</Target>
		</Build>
		<Compiler>
			<Add option="-Wall" />
			<Add directory="../../../boost_1_78_0" />
			<Add directory="../../../SDL2-2.0.20/x86_64-w64-mingw32/include" />
		</Compiler>
		<Linker>
			<Add option="-lwsock32" />
			<Add option="-lmingw32 -lSDL2main -lSDL2 -mconsole  -Wl,--dynamicbase -Wl,--nxcompat -Wl,--high-entropy-va -lm -ldinput8 -ldxguid -ldxerr8 -luser32 -lgdi32 -lwinmm -limm32 -lole32 -loleaut32 -lshell32 -lsetupapi -lversion -luuid" />
			<Add option="-lSDL2_image" />
			<Add library="../../../boost_1_78_0/stage/lib/libboost_atomic-mgw11-mt-d-x64-1_78.a" />
			<Add library="../../../boost_1_78_0/stage/lib/libboost_atomic-mgw11-mt-x64-1_78.a" />
			<Add library="../../../boost_1_78_0/stage/lib/libboost_chrono-mgw11-mt-d-x64-1_78.a" />
			<Add library="../../../boost_1_78_0/stage/lib/libboost_chrono-mgw11-mt-x64-1_78.a" />
			<Add library="../../../boost_1_78_0/stage/lib/libboost_container-mgw11-mt-d-x64-1_78.a" />
			<Add library="../../../boost_1_78_0/stage/lib/libboost_container-mgw11-mt-x64-1_78.a" />
			<Add library="../../../boost_1_78_0/stage/lib/libboost_context-mgw11-mt-d-x64-1_78.a" />
			<Add library="../../../boost_1_78_0/stage/lib/libboost_context-mgw11-mt-x64-1_78.a" />
			<Add library="../../../boost_1_78_0/stage/lib/libboost_contract-mgw11-mt-d-x64-1_78.a" />
			<Add library="../../../boost_1_78_0/stage/lib/libboost_contract-mgw11-mt-x64-1_78.a" />
			<Add library="../../../boost_1_78_0/stage/lib/libboost_coroutine-mgw11-mt-d-x64-1_78.a" />
			<Add library="../../../boost_1_78_0/stage/lib/libboost_coroutine-mgw11-mt-x64-1_78.a" />
			<Add library="../../../boost_1_78_0/stage/lib/libboost_date_time-mgw11-mt-d-x64-1_78.a" />
			<Add library="../../../boost_1_78_0/stage/lib/libboost_date_time-mgw11-mt-x64-1_78.a" />
			<Add library="../../../boost_1_78_0/stage/lib/libboost_exception-mgw11-mt-d-x64-1_78.a" />
			<Add library="../../../boost_1_78_0/stage/lib/libboost_exception-mgw11-mt-x64-1_78.a" />
			<Add library="../../../boost_1_78_0/stage/lib/libboost_filesystem-mgw11-mt-d-x64-1_78.a" />
			<Add library="../../../boost_1_78_0/stage/lib/libboost_filesystem-mgw11-mt-x64-1_78.a" />
			<Add library="../../../boost_1_78_0/stage/lib/libboost_graph-mgw11-mt-d-x64-1_78.a" />
			<Add library="../../../boost_1_78_0/stage/lib/libboost_graph-mgw11-mt-x64-1_78.a" />
			<Add library="../../../boost_1_78_0/stage/lib/libboost_iostreams-mgw11-mt-d-x64-1_78.a" />
			<Add library="../../../boost_1_78_0/stage/lib/libboost_iostreams-mgw11-mt-x64-1_78.a" />
			<Add library="../../../boost_1_78_0/stage/lib/libboost_json-mgw11-mt-d-x64-1_78.a" />
			<Add library="../../../boost_1_78_0/stage/lib/libboost_json-mgw11-mt-x64-1_78.a" />
			<Add library="../../../boost_1_78_0/stage/lib/libboost_locale-mgw11-mt-d-x64-1_78.a" />
			<Add library="../../../boost_1_78_0/stage/lib/libboost_locale-mgw11-mt-x64-1_78.a" />
			<Add library="../../../boost_1_78_0/stage/lib/libboost_log_setup-mgw11-mt-d-x64-1_78.a" />
			<Add library="../../../boost_1_78_0/stage/lib/libboost_log_setup-mgw11-mt-x64-1_78.a" />
			<Add library="../../../boost_1_78_0/stage/lib/libboost_log-mgw11-mt-d-x64-1_78.a" />
			<Add library="../../../boost_1_78_0/stage/lib/libboost_log-mgw11-mt-x64-1_78.a" />
			<Add library="../../../boost_1_78_0/stage/lib/libboost_math_c99f-mgw11-mt-d-x64-1_78.a" />
			<Add library="../../../boost_1_78_0/stage/lib/libboost_math_c99f-mgw11-mt-x64-1_78.a" />
			<Add library="../../../boost_1_78_0/stage/lib/libboost_math_c99l-mgw11-mt-d-x64-1_78.a" />
			<Add library="../../../boost_1_78_0/stage/lib/libboost_math_c99l-mgw11-mt-x64-1_78.a" />
			<Add library="../../../boost_1_78_0/stage/lib/libboost_math_c99-mgw11-mt-d-x64-1_78.a" />
			<Add library="../../../boost_1_78_0/stage/lib/libboost_math_c99-mgw11-mt-x64-1_78.a" />
			<Add library="../../../boost_1_78_0/stage/lib/libboost_math_tr1f-mgw11-mt-d-x64-1_78.a" />
			<Add library="../../../boost_1_78_0/stage/lib/libboost_math_tr1f-mgw11-mt-x64-1_78.a" />
			<Add library="../../../boost_1_78_0/stage/lib/libboost_math_tr1l-mgw11-mt-d-x64-1_78.a" />
			<Add library="../../../boost_1_78_0/stage/lib/libboost_math_tr1l-mgw11-mt-x64-1_78.a" />
			<Add library="../../../boost_1_78_0/stage/lib/libboost_math_tr1-mgw11-mt-d-x64-1_78.a" />
			<Add library="../../../boost_1_78_0/stage/lib/libboost_math_tr1-mgw11-mt-x64-1_78.a" />
			<Add library="../../../boost_1_78_0/stage/lib/libboost_nowide-mgw11-mt-d-x64-1_78.a" />
			<Add library="../../../boost_1_78_0/stage/lib/libboost_nowide-mgw11-mt-x64-1_78.a" />
			<Add library="../../../boost_1_78_0/stage/lib/libboost_prg_exec_monitor-mgw11-mt-d-x64-1_78.a" />
			<Add library="../../../boost_1_78_0/stage/lib/libboost_prg_exec_monitor-mgw11-mt-x64-1_78.a" />
			<Add library="../../../boost_1_78_0/stage/lib/libboost_program_options-mgw11-mt-d-x64-1_78.a" />
			<Add library="../../../boost_1_78_0/stage/lib/libboost_program_options-mgw11-mt-x64-1_78.a" />
			<Add library="../../../boost_1_78_0/stage/lib/libboost_random-mgw11-mt-d-x64-1_78.a" />
			<Add library="../../../boost_1_78_0/stage/lib/libboost_random-mgw11-mt-x64-1_78.a" />
			<Add library="../../../boost_1_78_0/stage/lib/libboost_regex-mgw11-mt-d-x64-1_78.a" />
			<Add library="../../../boost_1_78_0/stage/lib/libboost_regex-mgw11-mt-x64-1_78.a" />
			<Add library="../../../boost_1_78_0/stage/lib/libboost_serialization-mgw11-mt-d-x64-1_78.a" />
			<Add library="../../../boost_1_78_0/stage/lib/libboost_serialization-mgw11-mt-x64-1_78.a" />
			<Add library="../../../boost_1_78_0/stage/lib/libboost_system-mgw11-mt-d-x64-1_78.a" />
			<Add library="../../../boost_1_78_0/stage/lib/libboost_system-mgw11-mt-x64-1_78.a" />
			<Add library="../../../boost_1_78_0/stage/lib/libboost_test_exec_monitor-mgw11-mt-d-x64-1_78.a" />
			<Add library="../../../boost_1_78_0/stage/lib/libboost_test_exec_monitor-mgw11-mt-x64-1_78.a" />
			<Add library="../../../boost_1_78_0/stage/lib/libboost_thread-mgw11-mt-d-x64-1_78.a" />
			<Add library="../../../boost_1_78_0/stage/lib/libboost_thread-mgw11-mt-x64-1_78.a" />
			<Add library="../../../boost_1_78_0/stage/lib/libboost_timer-mgw11-mt-d-x64-1_78.a" />
			<Add library="../../../boost_1_78_0/stage/lib/libboost_timer-mgw11-mt-x64-1_78.a" />
			<Add library="../../../boost_1_78_0/stage/lib/libboost_type_erasure-mgw11-mt-d-x64-1_78.a" />
			<Add library="../../../boost_1_78_0/stage/lib/libboost_type_erasure-mgw11-mt-x64-1_78.a" />
			<Add library="../../../boost_1_78_0/stage/lib/libboost_unit_test_framework-mgw11-mt-d-x64-1_78.a" />
			<Add library="../../../boost_1_78_0/stage/lib/libboost_unit_test_framework-mgw11-mt-x64-1_78.a" />
			<Add library="../../../boost_1_78_0/stage/lib/libboost_wave-mgw11-mt-d-x64-1_78.a" />
			<Add library="../../../boost_1_78_0/stage/lib/libboost_wave-mgw11-mt-x64-1_78.a" />
			<Add library="../../../boost_1_78_0/stage/lib/libboost_wserialization-mgw11-mt-d-x64-1_78.a" />
			<Add library="../../../boost_1_78_0/stage/lib/libboost_wserialization-mgw11-mt-x64-1_78.a" />
			<Add library="ws2_32" />
			<Add library="../../../SDL2-2.0.20/x86_64-w64-mingw32/lib/libSDL2.a" />
			<Add library="../../../SDL2-2.0.20/x86_64-w64-mingw32/lib/libSDL2.dll.a" />
			<Add library="../../../SDL2-2.0.20/x86_64-w64-mingw32/lib/libSDL2_test.a" />
			<Add library="../../../SDL2-2.0.20/x86_64-w64-mingw32/lib/libSDL2main.a" />
			<Add directory="../../../SDL2-2.0.20/x86_64-w64-mingw32/lib" />
		</Linker>
		<Unit filename="99_client.cpp">
			<Option compile="0" />
			<Option link="0" />
			<Option target="&lt;{~None~}&gt;" />
		</Unit>
		<Unit filename="Block.cpp" />
		<Unit filename="Block.h" />
		<Unit filename="Cube.cpp" />
		<Unit filename="Cube.h" />
		<Unit filename="Object.cpp" />
		<Unit filename="Object.h" />
		<Unit filename="SDL2_Client.cpp" />
		<Unit filename="Server_request.cpp" />
		<Unit filename="Server_request.h">
			<Option compile="1" />
		</Unit>
		<Unit filename="boost_tcp_client.cpp" />
		<Unit filename="boost_tcp_client.h">
			<Option compile="1" />
		</Unit>
		<Extensions>
			<lib_finder disable_auto="1" />
		</Extensions>
	</Project>
</CodeBlocks_project_file>
